
Microsoft Visual Studio Solution File, Format Version 12.00
# Visual Studio Version 17
VisualStudioVersion = 17.13.35913.81
MinimumVisualStudioVersion = 10.0.40219.1
Project("{FAE04EC0-301F-11D3-BF4B-00C04F79EFBC}") = "Onyx.Products.UnitTests", "tests\Onyx.Products.UnitTests\Onyx.Products.UnitTests.csproj", "{319385D5-C848-4B1D-A104-964CAF9A7186}"
EndProject
Project("{2150E333-8FDC-42A3-9474-1A3956D46DE8}") = "Solution Items", "Solution Items", "{8EC462FD-D22E-90A8-E5CE-7E832BA40C5D}"
	ProjectSection(SolutionItems) = preProject
		.editorconfig = .editorconfig
		global.json = global.json
		README.md = README.md
		docs\README.md = docs\README.md
	EndProjectSection
EndProject
Project("{E53339B2-1760-4266-BCC7-CA923CBCF16C}") = "docker-compose", "docker-compose.dcproj", "{81DDED9D-158B-E303-5F62-77A2896D2A5A}"
EndProject
Project("{FAE04EC0-301F-11D3-BF4B-00C04F79EFBC}") = "Onyx.Products.Api", "src\Api\Onyx.Products.Api.csproj", "{01B399A2-5699-D230-8E94-0B840D1A8D1E}"
EndProject
Project("{FAE04EC0-301F-11D3-BF4B-00C04F79EFBC}") = "Onyx.Products.ApiTests", "tests\Onyx.Products.ApiTests\Onyx.Products.ApiTests.csproj", "{4C69AE63-39FF-4380-90A3-3734F8BF745E}"
EndProject
Project("{2150E333-8FDC-42A3-9474-1A3956D46DE8}") = "Tests", "Tests", "{02EA681E-C7D8-13C7-8484-4AC65E1B71E8}"
EndProject
Project("{FAE04EC0-301F-11D3-BF4B-00C04F79EFBC}") = "Onyx.Products.Domain", "src\Domain\Onyx.Products.Domain.csproj", "{9C46B52F-757C-9E4D-025C-B8D199F9ECCA}"
EndProject
Global
	GlobalSection(SolutionConfigurationPlatforms) = preSolution
		Debug|Any CPU = Debug|Any CPU
		Release|Any CPU = Release|Any CPU
	EndGlobalSection
	GlobalSection(ProjectConfigurationPlatforms) = postSolution
		{319385D5-C848-4B1D-A104-964CAF9A7186}.Debug|Any CPU.ActiveCfg = Debug|Any CPU
		{319385D5-C848-4B1D-A104-964CAF9A7186}.Debug|Any CPU.Build.0 = Debug|Any CPU
		{319385D5-C848-4B1D-A104-964CAF9A7186}.Release|Any CPU.ActiveCfg = Release|Any CPU
		{319385D5-C848-4B1D-A104-964CAF9A7186}.Release|Any CPU.Build.0 = Release|Any CPU
		{81DDED9D-158B-E303-5F62-77A2896D2A5A}.Debug|Any CPU.ActiveCfg = Debug|Any CPU
		{81DDED9D-158B-E303-5F62-77A2896D2A5A}.Debug|Any CPU.Build.0 = Debug|Any CPU
		{81DDED9D-158B-E303-5F62-77A2896D2A5A}.Release|Any CPU.ActiveCfg = Release|Any CPU
		{81DDED9D-158B-E303-5F62-77A2896D2A5A}.Release|Any CPU.Build.0 = Release|Any CPU
		{01B399A2-5699-D230-8E94-0B840D1A8D1E}.Debug|Any CPU.ActiveCfg = Debug|Any CPU
		{01B399A2-5699-D230-8E94-0B840D1A8D1E}.Debug|Any CPU.Build.0 = Debug|Any CPU
		{01B399A2-5699-D230-8E94-0B840D1A8D1E}.Release|Any CPU.ActiveCfg = Release|Any CPU
		{01B399A2-5699-D230-8E94-0B840D1A8D1E}.Release|Any CPU.Build.0 = Release|Any CPU
		{4C69AE63-39FF-4380-90A3-3734F8BF745E}.Debug|Any CPU.ActiveCfg = Debug|Any CPU
		{4C69AE63-39FF-4380-90A3-3734F8BF745E}.Debug|Any CPU.Build.0 = Debug|Any CPU
		{4C69AE63-39FF-4380-90A3-3734F8BF745E}.Release|Any CPU.ActiveCfg = Release|Any CPU
		{4C69AE63-39FF-4380-90A3-3734F8BF745E}.Release|Any CPU.Build.0 = Release|Any CPU
		{9C46B52F-757C-9E4D-025C-B8D199F9ECCA}.Debug|Any CPU.ActiveCfg = Debug|Any CPU
		{9C46B52F-757C-9E4D-025C-B8D199F9ECCA}.Debug|Any CPU.Build.0 = Debug|Any CPU
		{9C46B52F-757C-9E4D-025C-B8D199F9ECCA}.Release|Any CPU.ActiveCfg = Release|Any CPU
		{9C46B52F-757C-9E4D-025C-B8D199F9ECCA}.Release|Any CPU.Build.0 = Release|Any CPU
	EndGlobalSection
	GlobalSection(SolutionProperties) = preSolution
		HideSolutionNode = FALSE
	EndGlobalSection
	GlobalSection(NestedProjects) = preSolution
		{319385D5-C848-4B1D-A104-964CAF9A7186} = {02EA681E-C7D8-13C7-8484-4AC65E1B71E8}
		{4C69AE63-39FF-4380-90A3-3734F8BF745E} = {02EA681E-C7D8-13C7-8484-4AC65E1B71E8}
	EndGlobalSection
	GlobalSection(ExtensibilityGlobals) = postSolution
		SolutionGuid = {3765ADC3-989B-4E0B-A63A-0805D4BC5A86}
	EndGlobalSection
EndGlobal
